
Microsoft Visual Studio Solution File, Format Version 12.00
# Visual Studio 2013
VisualStudioVersion = 12.0.40629.0
MinimumVisualStudioVersion = 10.0.40219.1
Project("{FAE04EC0-301F-11D3-BF4B-00C04F79EFBC}") = "Syntax.iOS", "Syntax\Syntax.iOS.csproj", "{5231D1B2-6A94-4F89-8AB0-7BC47BCB2A74}"
EndProject
Project("{FAE04EC0-301F-11D3-BF4B-00C04F79EFBC}") = "Syntax.Tests.iOS", "Syntax.Tests\Syntax.Tests.iOS.csproj", "{14BAB2AD-FD80-45C6-B98D-867EA45EC027}"
EndProject
Global
	GlobalSection(SolutionConfigurationPlatforms) = preSolution
		Debug|Any CPU = Debug|Any CPU
		Release|Any CPU = Release|Any CPU
	EndGlobalSection
	GlobalSection(ProjectConfigurationPlatforms) = postSolution
		{5231D1B2-6A94-4F89-8AB0-7BC47BCB2A74}.Debug|Any CPU.ActiveCfg = Debug|Any CPU
		{5231D1B2-6A94-4F89-8AB0-7BC47BCB2A74}.Debug|Any CPU.Build.0 = Debug|Any CPU
		{5231D1B2-6A94-4F89-8AB0-7BC47BCB2A74}.Release|Any CPU.ActiveCfg = Release|Any CPU
		{5231D1B2-6A94-4F89-8AB0-7BC47BCB2A74}.Release|Any CPU.Build.0 = Release|Any CPU
		{14BAB2AD-FD80-45C6-B98D-867EA45EC027}.Debug|Any CPU.ActiveCfg = Debug|Any CPU
		{14BAB2AD-FD80-45C6-B98D-867EA45EC027}.Debug|Any CPU.Build.0 = Debug|Any CPU
		{14BAB2AD-FD80-45C6-B98D-867EA45EC027}.Release|Any CPU.ActiveCfg = Release|Any CPU
		{14BAB2AD-FD80-45C6-B98D-867EA45EC027}.Release|Any CPU.Build.0 = Release|Any CPU
	EndGlobalSection
	GlobalSection(SolutionProperties) = preSolution
		HideSolutionNode = FALSE
	EndGlobalSection
EndGlobal
