
Microsoft Visual Studio Solution File, Format Version 12.00
# Visual Studio 2012
Project("{FAE04EC0-301F-11D3-BF4B-00C04F79EFBC}") = "Syntax", "..\..\Projects\Syntax\xamarin\Syntax.csproj", "{0A59773A-E780-47D4-AC80-9734D4CBB124}"
EndProject
Project("{FAE04EC0-301F-11D3-BF4B-00C04F79EFBC}") = "Syntax.Data", "..\..\Projects\Syntax.Data\xamarin\Syntax.Data.csproj", "{5842DD6B-C288-4E60-A516-52FC359ABE80}"
EndProject
Global
	GlobalSection(SolutionConfigurationPlatforms) = preSolution
		Debug|Any CPU = Debug|Any CPU
		Release|Any CPU = Release|Any CPU
	EndGlobalSection
	GlobalSection(ProjectConfigurationPlatforms) = postSolution
		{0A59773A-E780-47D4-AC80-9734D4CBB124}.Debug|Any CPU.ActiveCfg = Debug|Any CPU
		{0A59773A-E780-47D4-AC80-9734D4CBB124}.Debug|Any CPU.Build.0 = Debug|Any CPU
		{0A59773A-E780-47D4-AC80-9734D4CBB124}.Release|Any CPU.ActiveCfg = Release|Any CPU
		{0A59773A-E780-47D4-AC80-9734D4CBB124}.Release|Any CPU.Build.0 = Release|Any CPU
		{5842DD6B-C288-4E60-A516-52FC359ABE80}.Debug|Any CPU.ActiveCfg = Debug|Any CPU
		{5842DD6B-C288-4E60-A516-52FC359ABE80}.Debug|Any CPU.Build.0 = Debug|Any CPU
		{5842DD6B-C288-4E60-A516-52FC359ABE80}.Release|Any CPU.ActiveCfg = Release|Any CPU
		{5842DD6B-C288-4E60-A516-52FC359ABE80}.Release|Any CPU.Build.0 = Release|Any CPU
	EndGlobalSection
EndGlobal
